
Microsoft Visual Studio Solution File, Format Version 12.00
# Visual Studio Version 16
VisualStudioVersion = 16.0.31410.357
MinimumVisualStudioVersion = 10.0.40219.1
Project("{9A19103F-16F7-4668-BE54-9A1E7A4F7556}") = "Updater", "Updater\Updater.csproj", "{7E9BDF14-3C3F-4E5E-BDC4-0BBD4987DD50}"
EndProject
Global
	GlobalSection(SolutionConfigurationPlatforms) = preSolution
		Debug|Any CPU = Debug|Any CPU
		Release|Any CPU = Release|Any CPU
	EndGlobalSection
	GlobalSection(ProjectConfigurationPlatforms) = postSolution
		{7E9BDF14-3C3F-4E5E-BDC4-0BBD4987DD50}.Debug|Any CPU.ActiveCfg = Debug|Any CPU
		{7E9BDF14-3C3F-4E5E-BDC4-0BBD4987DD50}.Debug|Any CPU.Build.0 = Debug|Any CPU
		{7E9BDF14-3C3F-4E5E-BDC4-0BBD4987DD50}.Release|Any CPU.ActiveCfg = Release|Any CPU
		{7E9BDF14-3C3F-4E5E-BDC4-0BBD4987DD50}.Release|Any CPU.Build.0 = Release|Any CPU
	EndGlobalSection
	GlobalSection(SolutionProperties) = preSolution
		HideSolutionNode = FALSE
	EndGlobalSection
	GlobalSection(ExtensibilityGlobals) = postSolution
		SolutionGuid = {43462E31-46E0-445C-9EE6-F791A4A2234C}
	EndGlobalSection
EndGlobal
